
Microsoft Visual Studio Solution File, Format Version 12.00
# Visual Studio Version 16
VisualStudioVersion = 16.0.30804.86
MinimumVisualStudioVersion = 10.0.40219.1
Project("{FAE04EC0-301F-11D3-BF4B-00C04F79EFBC}") = "RedGate", "RedGate\RedGate.csproj", "{51F8FFED-CB74-4E4C-A701-206DC9CE0E25}"
EndProject
Project("{FAE04EC0-301F-11D3-BF4B-00C04F79EFBC}") = "RedGateTest", "RedGateTest\RedGateTest.csproj", "{04DB22A0-376C-4DFA-927D-FA3C24EF8F67}"
EndProject
Global
	GlobalSection(SolutionConfigurationPlatforms) = preSolution
		Debug|Any CPU = Debug|Any CPU
		Release|Any CPU = Release|Any CPU
	EndGlobalSection
	GlobalSection(ProjectConfigurationPlatforms) = postSolution
		{51F8FFED-CB74-4E4C-A701-206DC9CE0E25}.Debug|Any CPU.ActiveCfg = Debug|Any CPU
		{51F8FFED-CB74-4E4C-A701-206DC9CE0E25}.Debug|Any CPU.Build.0 = Debug|Any CPU
		{51F8FFED-CB74-4E4C-A701-206DC9CE0E25}.Release|Any CPU.ActiveCfg = Release|Any CPU
		{51F8FFED-CB74-4E4C-A701-206DC9CE0E25}.Release|Any CPU.Build.0 = Release|Any CPU
		{04DB22A0-376C-4DFA-927D-FA3C24EF8F67}.Debug|Any CPU.ActiveCfg = Debug|Any CPU
		{04DB22A0-376C-4DFA-927D-FA3C24EF8F67}.Debug|Any CPU.Build.0 = Debug|Any CPU
		{04DB22A0-376C-4DFA-927D-FA3C24EF8F67}.Release|Any CPU.ActiveCfg = Release|Any CPU
		{04DB22A0-376C-4DFA-927D-FA3C24EF8F67}.Release|Any CPU.Build.0 = Release|Any CPU
	EndGlobalSection
	GlobalSection(SolutionProperties) = preSolution
		HideSolutionNode = FALSE
	EndGlobalSection
	GlobalSection(ExtensibilityGlobals) = postSolution
		SolutionGuid = {E0542944-AF26-4A8E-B44F-AC7F2CB58DCD}
	EndGlobalSection
EndGlobal
